// !$*UTF8*$!
{
	archiveVersion = 1;
	classes = {
	};
	objectVersion = 46;
	objects = {

/* Begin PBXBuildFile section */
		118347F61D7C57E000E34F39 /* AppDelegate.swift in Sources */ = {isa = PBXBuildFile; fileRef = 118347F51D7C57E000E34F39 /* AppDelegate.swift */; };
		118347FB1D7C57E000E34F39 /* Main.storyboard in Resources */ = {isa = PBXBuildFile; fileRef = 118347F91D7C57E000E34F39 /* Main.storyboard */; };
		118347FD1D7C57E100E34F39 /* Assets.xcassets in Resources */ = {isa = PBXBuildFile; fileRef = 118347FC1D7C57E100E34F39 /* Assets.xcassets */; };
		118348001D7C57E100E34F39 /* LaunchScreen.storyboard in Resources */ = {isa = PBXBuildFile; fileRef = 118347FE1D7C57E100E34F39 /* LaunchScreen.storyboard */; };
		1183480B1D7C57E100E34F39 /* SingleProjectMVPTests.swift in Sources */ = {isa = PBXBuildFile; fileRef = 1183480A1D7C57E100E34F39 /* SingleProjectMVPTests.swift */; };
		118348161D7C57E100E34F39 /* SingleProjectMVPUITests.swift in Sources */ = {isa = PBXBuildFile; fileRef = 118348151D7C57E100E34F39 /* SingleProjectMVPUITests.swift */; };
		118348241D7C609B00E34F39 /* Tab_1_VC.swift in Sources */ = {isa = PBXBuildFile; fileRef = 118348231D7C609B00E34F39 /* Tab_1_VC.swift */; };
		118348271D7C611000E34F39 /* Tab_2_VC.swift in Sources */ = {isa = PBXBuildFile; fileRef = 118348261D7C611000E34F39 /* Tab_2_VC.swift */; };
		118348291D7C612700E34F39 /* Tab_3_VC.swift in Sources */ = {isa = PBXBuildFile; fileRef = 118348281D7C612700E34F39 /* Tab_3_VC.swift */; };
		1183482B1D7C616A00E34F39 /* MapKit.framework in Frameworks */ = {isa = PBXBuildFile; fileRef = 1183482A1D7C616900E34F39 /* MapKit.framework */; };
		1183482D1D7C631000E34F39 /* CoreLocation.framework in Frameworks */ = {isa = PBXBuildFile; fileRef = 1183482C1D7C631000E34F39 /* CoreLocation.framework */; };
		118348371D7C64B000E34F39 /* UserInfo.swift in Sources */ = {isa = PBXBuildFile; fileRef = 118348361D7C64B000E34F39 /* UserInfo.swift */; };
		1183483F1D7C66D700E34F39 /* BackgroundTaskManager.m in Sources */ = {isa = PBXBuildFile; fileRef = 1183483A1D7C66D700E34F39 /* BackgroundTaskManager.m */; };
		118348401D7C66D700E34F39 /* LocationShareModel.m in Sources */ = {isa = PBXBuildFile; fileRef = 1183483C1D7C66D700E34F39 /* LocationShareModel.m */; };
		118348411D7C66D700E34F39 /* LocationTracker.m in Sources */ = {isa = PBXBuildFile; fileRef = 1183483E1D7C66D700E34F39 /* LocationTracker.m */; };
		118348431D7C674F00E34F39 /* libsqlite3.tbd in Frameworks */ = {isa = PBXBuildFile; fileRef = 118348421D7C674F00E34F39 /* libsqlite3.tbd */; };
		118348481D7CBE0100E34F39 /* DateTimeList.db in Resources */ = {isa = PBXBuildFile; fileRef = 118348471D7CBE0100E34F39 /* DateTimeList.db */; };
/* End PBXBuildFile section */

/* Begin PBXContainerItemProxy section */
		118348071D7C57E100E34F39 /* PBXContainerItemProxy */ = {
			isa = PBXContainerItemProxy;
			containerPortal = 118347EA1D7C57E000E34F39 /* Project object */;
			proxyType = 1;
			remoteGlobalIDString = 118347F11D7C57E000E34F39;
			remoteInfo = SingleProjectMVP;
		};
		118348121D7C57E100E34F39 /* PBXContainerItemProxy */ = {
			isa = PBXContainerItemProxy;
			containerPortal = 118347EA1D7C57E000E34F39 /* Project object */;
			proxyType = 1;
			remoteGlobalIDString = 118347F11D7C57E000E34F39;
			remoteInfo = SingleProjectMVP;
		};
/* End PBXContainerItemProxy section */

/* Begin PBXFileReference section */
		118347F21D7C57E000E34F39 /* SingleProjectMVP.app */ = {isa = PBXFileReference; explicitFileType = wrapper.application; includeInIndex = 0; path = SingleProjectMVP.app; sourceTree = BUILT_PRODUCTS_DIR; };
		118347F51D7C57E000E34F39 /* AppDelegate.swift */ = {isa = PBXFileReference; lastKnownFileType = sourcecode.swift; path = AppDelegate.swift; sourceTree = "<group>"; };
		118347FA1D7C57E000E34F39 /* Base */ = {isa = PBXFileReference; lastKnownFileType = file.storyboard; name = Base; path = Base.lproj/Main.storyboard; sourceTree = "<group>"; };
		118347FC1D7C57E100E34F39 /* Assets.xcassets */ = {isa = PBXFileReference; lastKnownFileType = folder.assetcatalog; path = Assets.xcassets; sourceTree = "<group>"; };
		118347FF1D7C57E100E34F39 /* Base */ = {isa = PBXFileReference; lastKnownFileType = file.storyboard; name = Base; path = Base.lproj/LaunchScreen.storyboard; sourceTree = "<group>"; };
		118348011D7C57E100E34F39 /* Info.plist */ = {isa = PBXFileReference; lastKnownFileType = text.plist.xml; path = Info.plist; sourceTree = "<group>"; };
		118348061D7C57E100E34F39 /* SingleProjectMVPTests.xctest */ = {isa = PBXFileReference; explicitFileType = wrapper.cfbundle; includeInIndex = 0; path = SingleProjectMVPTests.xctest; sourceTree = BUILT_PRODUCTS_DIR; };
		1183480A1D7C57E100E34F39 /* SingleProjectMVPTests.swift */ = {isa = PBXFileReference; lastKnownFileType = sourcecode.swift; path = SingleProjectMVPTests.swift; sourceTree = "<group>"; };
		1183480C1D7C57E100E34F39 /* Info.plist */ = {isa = PBXFileReference; lastKnownFileType = text.plist.xml; path = Info.plist; sourceTree = "<group>"; };
		118348111D7C57E100E34F39 /* SingleProjectMVPUITests.xctest */ = {isa = PBXFileReference; explicitFileType = wrapper.cfbundle; includeInIndex = 0; path = SingleProjectMVPUITests.xctest; sourceTree = BUILT_PRODUCTS_DIR; };
		118348151D7C57E100E34F39 /* SingleProjectMVPUITests.swift */ = {isa = PBXFileReference; lastKnownFileType = sourcecode.swift; path = SingleProjectMVPUITests.swift; sourceTree = "<group>"; };
		118348171D7C57E100E34F39 /* Info.plist */ = {isa = PBXFileReference; lastKnownFileType = text.plist.xml; path = Info.plist; sourceTree = "<group>"; };
		118348231D7C609B00E34F39 /* Tab_1_VC.swift */ = {isa = PBXFileReference; fileEncoding = 4; lastKnownFileType = sourcecode.swift; name = Tab_1_VC.swift; path = class/controller/Tab_1_VC.swift; sourceTree = "<group>"; };
		118348261D7C611000E34F39 /* Tab_2_VC.swift */ = {isa = PBXFileReference; fileEncoding = 4; lastKnownFileType = sourcecode.swift; name = Tab_2_VC.swift; path = class/controller/Tab_2_VC.swift; sourceTree = "<group>"; };
		118348281D7C612700E34F39 /* Tab_3_VC.swift */ = {isa = PBXFileReference; fileEncoding = 4; lastKnownFileType = sourcecode.swift; name = Tab_3_VC.swift; path = class/controller/Tab_3_VC.swift; sourceTree = "<group>"; };
		1183482A1D7C616900E34F39 /* MapKit.framework */ = {isa = PBXFileReference; lastKnownFileType = wrapper.framework; name = MapKit.framework; path = System/Library/Frameworks/MapKit.framework; sourceTree = SDKROOT; };
		1183482C1D7C631000E34F39 /* CoreLocation.framework */ = {isa = PBXFileReference; lastKnownFileType = wrapper.framework; name = CoreLocation.framework; path = System/Library/Frameworks/CoreLocation.framework; sourceTree = SDKROOT; };
		118348361D7C64B000E34F39 /* UserInfo.swift */ = {isa = PBXFileReference; fileEncoding = 4; lastKnownFileType = sourcecode.swift; name = UserInfo.swift; path = class/common/UserInfo.swift; sourceTree = "<group>"; };
		118348381D7C66D600E34F39 /* SingleProjectMVP-Bridging-Header.h */ = {isa = PBXFileReference; lastKnownFileType = sourcecode.c.h; path = "SingleProjectMVP-Bridging-Header.h"; sourceTree = "<group>"; };
		118348391D7C66D700E34F39 /* BackgroundTaskManager.h */ = {isa = PBXFileReference; fileEncoding = 4; lastKnownFileType = sourcecode.c.h; name = BackgroundTaskManager.h; path = "class/background task/BackgroundTaskManager.h"; sourceTree = "<group>"; };
		1183483A1D7C66D700E34F39 /* BackgroundTaskManager.m */ = {isa = PBXFileReference; fileEncoding = 4; lastKnownFileType = sourcecode.c.objc; name = BackgroundTaskManager.m; path = "class/background task/BackgroundTaskManager.m"; sourceTree = "<group>"; };
		1183483B1D7C66D700E34F39 /* LocationShareModel.h */ = {isa = PBXFileReference; fileEncoding = 4; lastKnownFileType = sourcecode.c.h; name = LocationShareModel.h; path = "class/background task/LocationShareModel.h"; sourceTree = "<group>"; };
		1183483C1D7C66D700E34F39 /* LocationShareModel.m */ = {isa = PBXFileReference; fileEncoding = 4; lastKnownFileType = sourcecode.c.objc; name = LocationShareModel.m; path = "class/background task/LocationShareModel.m"; sourceTree = "<group>"; };
		1183483D1D7C66D700E34F39 /* LocationTracker.h */ = {isa = PBXFileReference; fileEncoding = 4; lastKnownFileType = sourcecode.c.h; name = LocationTracker.h; path = "class/background task/LocationTracker.h"; sourceTree = "<group>"; };
		1183483E1D7C66D700E34F39 /* LocationTracker.m */ = {isa = PBXFileReference; fileEncoding = 4; lastKnownFileType = sourcecode.c.objc; name = LocationTracker.m; path = "class/background task/LocationTracker.m"; sourceTree = "<group>"; };
		118348421D7C674F00E34F39 /* libsqlite3.tbd */ = {isa = PBXFileReference; lastKnownFileType = "sourcecode.text-based-dylib-definition"; name = libsqlite3.tbd; path = usr/lib/libsqlite3.tbd; sourceTree = SDKROOT; };
		118348471D7CBE0100E34F39 /* DateTimeList.db */ = {isa = PBXFileReference; lastKnownFileType = file; name = DateTimeList.db; path = resource/DateTimeList.db; sourceTree = "<group>"; };
/* End PBXFileReference section */

/* Begin PBXFrameworksBuildPhase section */
		118347EF1D7C57E000E34F39 /* Frameworks */ = {
			isa = PBXFrameworksBuildPhase;
			buildActionMask = 2147483647;
			files = (
				118348431D7C674F00E34F39 /* libsqlite3.tbd in Frameworks */,
				1183482D1D7C631000E34F39 /* CoreLocation.framework in Frameworks */,
				1183482B1D7C616A00E34F39 /* MapKit.framework in Frameworks */,
			);
			runOnlyForDeploymentPostprocessing = 0;
		};
		118348031D7C57E100E34F39 /* Frameworks */ = {
			isa = PBXFrameworksBuildPhase;
			buildActionMask = 2147483647;
			files = (
			);
			runOnlyForDeploymentPostprocessing = 0;
		};
		1183480E1D7C57E100E34F39 /* Frameworks */ = {
			isa = PBXFrameworksBuildPhase;
			buildActionMask = 2147483647;
			files = (
			);
			runOnlyForDeploymentPostprocessing = 0;
		};
/* End PBXFrameworksBuildPhase section */

/* Begin PBXGroup section */
		118347E91D7C57DF00E34F39 = {
			isa = PBXGroup;
			children = (
				118348421D7C674F00E34F39 /* libsqlite3.tbd */,
				1183482C1D7C631000E34F39 /* CoreLocation.framework */,
				1183482A1D7C616900E34F39 /* MapKit.framework */,
				118347F41D7C57E000E34F39 /* SingleProjectMVP */,
				118348091D7C57E100E34F39 /* SingleProjectMVPTests */,
				118348141D7C57E100E34F39 /* SingleProjectMVPUITests */,
				118347F31D7C57E000E34F39 /* Products */,
			);
			sourceTree = "<group>";
		};
		118347F31D7C57E000E34F39 /* Products */ = {
			isa = PBXGroup;
			children = (
				118347F21D7C57E000E34F39 /* SingleProjectMVP.app */,
				118348061D7C57E100E34F39 /* SingleProjectMVPTests.xctest */,
				118348111D7C57E100E34F39 /* SingleProjectMVPUITests.xctest */,
			);
			name = Products;
			sourceTree = "<group>";
		};
		118347F41D7C57E000E34F39 /* SingleProjectMVP */ = {
			isa = PBXGroup;
			children = (
				118348441D7CBABC00E34F39 /* resource */,
				118348351D7C646500E34F39 /* common */,
				1183482E1D7C632800E34F39 /* custom background task */,
				118348251D7C60D400E34F39 /* Controllers */,
				118347F91D7C57E000E34F39 /* Main.storyboard */,
				118347F51D7C57E000E34F39 /* AppDelegate.swift */,
				118347FC1D7C57E100E34F39 /* Assets.xcassets */,
				118347FE1D7C57E100E34F39 /* LaunchScreen.storyboard */,
				118348011D7C57E100E34F39 /* Info.plist */,
			);
			path = SingleProjectMVP;
			sourceTree = "<group>";
		};
		118348091D7C57E100E34F39 /* SingleProjectMVPTests */ = {
			isa = PBXGroup;
			children = (
				1183480A1D7C57E100E34F39 /* SingleProjectMVPTests.swift */,
				1183480C1D7C57E100E34F39 /* Info.plist */,
			);
			path = SingleProjectMVPTests;
			sourceTree = "<group>";
		};
		118348141D7C57E100E34F39 /* SingleProjectMVPUITests */ = {
			isa = PBXGroup;
			children = (
				118348151D7C57E100E34F39 /* SingleProjectMVPUITests.swift */,
				118348171D7C57E100E34F39 /* Info.plist */,
			);
			path = SingleProjectMVPUITests;
			sourceTree = "<group>";
		};
		118348251D7C60D400E34F39 /* Controllers */ = {
			isa = PBXGroup;
			children = (
				118348231D7C609B00E34F39 /* Tab_1_VC.swift */,
				118348261D7C611000E34F39 /* Tab_2_VC.swift */,
				118348281D7C612700E34F39 /* Tab_3_VC.swift */,
			);
			name = Controllers;
			sourceTree = "<group>";
		};
		1183482E1D7C632800E34F39 /* custom background task */ = {
			isa = PBXGroup;
			children = (
				118348391D7C66D700E34F39 /* BackgroundTaskManager.h */,
				1183483A1D7C66D700E34F39 /* BackgroundTaskManager.m */,
				1183483B1D7C66D700E34F39 /* LocationShareModel.h */,
				1183483C1D7C66D700E34F39 /* LocationShareModel.m */,
				1183483D1D7C66D700E34F39 /* LocationTracker.h */,
				1183483E1D7C66D700E34F39 /* LocationTracker.m */,
				118348381D7C66D600E34F39 /* SingleProjectMVP-Bridging-Header.h */,
			);
			name = "custom background task";
			sourceTree = "<group>";
		};
		118348351D7C646500E34F39 /* common */ = {
			isa = PBXGroup;
			children = (
				118348361D7C64B000E34F39 /* UserInfo.swift */,
			);
			name = common;
			sourceTree = "<group>";
		};
		118348441D7CBABC00E34F39 /* resource */ = {
			isa = PBXGroup;
			children = (
				118348471D7CBE0100E34F39 /* DateTimeList.db */,
			);
			name = resource;
			sourceTree = "<group>";
		};
/* End PBXGroup section */

/* Begin PBXNativeTarget section */
		118347F11D7C57E000E34F39 /* SingleProjectMVP */ = {
			isa = PBXNativeTarget;
			buildConfigurationList = 1183481A1D7C57E100E34F39 /* Build configuration list for PBXNativeTarget "SingleProjectMVP" */;
			buildPhases = (
				118347EE1D7C57E000E34F39 /* Sources */,
				118347EF1D7C57E000E34F39 /* Frameworks */,
				118347F01D7C57E000E34F39 /* Resources */,
			);
			buildRules = (
			);
			dependencies = (
			);
			name = SingleProjectMVP;
			productName = SingleProjectMVP;
			productReference = 118347F21D7C57E000E34F39 /* SingleProjectMVP.app */;
			productType = "com.apple.product-type.application";
		};
		118348051D7C57E100E34F39 /* SingleProjectMVPTests */ = {
			isa = PBXNativeTarget;
			buildConfigurationList = 1183481D1D7C57E100E34F39 /* Build configuration list for PBXNativeTarget "SingleProjectMVPTests" */;
			buildPhases = (
				118348021D7C57E100E34F39 /* Sources */,
				118348031D7C57E100E34F39 /* Frameworks */,
				118348041D7C57E100E34F39 /* Resources */,
			);
			buildRules = (
			);
			dependencies = (
				118348081D7C57E100E34F39 /* PBXTargetDependency */,
			);
			name = SingleProjectMVPTests;
			productName = SingleProjectMVPTests;
			productReference = 118348061D7C57E100E34F39 /* SingleProjectMVPTests.xctest */;
			productType = "com.apple.product-type.bundle.unit-test";
		};
		118348101D7C57E100E34F39 /* SingleProjectMVPUITests */ = {
			isa = PBXNativeTarget;
			buildConfigurationList = 118348201D7C57E100E34F39 /* Build configuration list for PBXNativeTarget "SingleProjectMVPUITests" */;
			buildPhases = (
				1183480D1D7C57E100E34F39 /* Sources */,
				1183480E1D7C57E100E34F39 /* Frameworks */,
				1183480F1D7C57E100E34F39 /* Resources */,
			);
			buildRules = (
			);
			dependencies = (
				118348131D7C57E100E34F39 /* PBXTargetDependency */,
			);
			name = SingleProjectMVPUITests;
			productName = SingleProjectMVPUITests;
			productReference = 118348111D7C57E100E34F39 /* SingleProjectMVPUITests.xctest */;
			productType = "com.apple.product-type.bundle.ui-testing";
		};
/* End PBXNativeTarget section */

/* Begin PBXProject section */
		118347EA1D7C57E000E34F39 /* Project object */ = {
			isa = PBXProject;
			attributes = {
				LastSwiftUpdateCheck = 0730;
				LastUpgradeCheck = 0730;
				ORGANIZATIONNAME = ksenia;
				TargetAttributes = {
					118347F11D7C57E000E34F39 = {
						CreatedOnToolsVersion = 7.3;
						SystemCapabilities = {
							com.apple.BackgroundModes = {
								enabled = 1;
							};
						};
					};
					118348051D7C57E100E34F39 = {
						CreatedOnToolsVersion = 7.3;
						TestTargetID = 118347F11D7C57E000E34F39;
					};
					118348101D7C57E100E34F39 = {
						CreatedOnToolsVersion = 7.3;
						TestTargetID = 118347F11D7C57E000E34F39;
					};
				};
			};
			buildConfigurationList = 118347ED1D7C57E000E34F39 /* Build configuration list for PBXProject "SingleProjectMVP" */;
			compatibilityVersion = "Xcode 3.2";
			developmentRegion = English;
			hasScannedForEncodings = 0;
			knownRegions = (
				en,
				Base,
			);
			mainGroup = 118347E91D7C57DF00E34F39;
			productRefGroup = 118347F31D7C57E000E34F39 /* Products */;
			projectDirPath = "";
			projectRoot = "";
			targets = (
				118347F11D7C57E000E34F39 /* SingleProjectMVP */,
				118348051D7C57E100E34F39 /* SingleProjectMVPTests */,
				118348101D7C57E100E34F39 /* SingleProjectMVPUITests */,
			);
		};
/* End PBXProject section */

/* Begin PBXResourcesBuildPhase section */
		118347F01D7C57E000E34F39 /* Resources */ = {
			isa = PBXResourcesBuildPhase;
			buildActionMask = 2147483647;
			files = (
				118348481D7CBE0100E34F39 /* DateTimeList.db in Resources */,
				118348001D7C57E100E34F39 /* LaunchScreen.storyboard in Resources */,
				118347FD1D7C57E100E34F39 /* Assets.xcassets in Resources */,
				118347FB1D7C57E000E34F39 /* Main.storyboard in Resources */,
			);
			runOnlyForDeploymentPostprocessing = 0;
		};
		118348041D7C57E100E34F39 /* Resources */ = {
			isa = PBXResourcesBuildPhase;
			buildActionMask = 2147483647;
			files = (
			);
			runOnlyForDeploymentPostprocessing = 0;
		};
		1183480F1D7C57E100E34F39 /* Resources */ = {
			isa = PBXResourcesBuildPhase;
			buildActionMask = 2147483647;
			files = (
			);
			runOnlyForDeploymentPostprocessing = 0;
		};
/* End PBXResourcesBuildPhase section */

/* Begin PBXSourcesBuildPhase section */
		118347EE1D7C57E000E34F39 /* Sources */ = {
			isa = PBXSourcesBuildPhase;
			buildActionMask = 2147483647;
			files = (
				118348271D7C611000E34F39 /* Tab_2_VC.swift in Sources */,
				118348411D7C66D700E34F39 /* LocationTracker.m in Sources */,
				118348371D7C64B000E34F39 /* UserInfo.swift in Sources */,
				118348241D7C609B00E34F39 /* Tab_1_VC.swift in Sources */,
				118348291D7C612700E34F39 /* Tab_3_VC.swift in Sources */,
				1183483F1D7C66D700E34F39 /* BackgroundTaskManager.m in Sources */,
				118348401D7C66D700E34F39 /* LocationShareModel.m in Sources */,
				118347F61D7C57E000E34F39 /* AppDelegate.swift in Sources */,
			);
			runOnlyForDeploymentPostprocessing = 0;
		};
		118348021D7C57E100E34F39 /* Sources */ = {
			isa = PBXSourcesBuildPhase;
			buildActionMask = 2147483647;
			files = (
				1183480B1D7C57E100E34F39 /* SingleProjectMVPTests.swift in Sources */,
			);
			runOnlyForDeploymentPostprocessing = 0;
		};
		1183480D1D7C57E100E34F39 /* Sources */ = {
			isa = PBXSourcesBuildPhase;
			buildActionMask = 2147483647;
			files = (
				118348161D7C57E100E34F39 /* SingleProjectMVPUITests.swift in Sources */,
			);
			runOnlyForDeploymentPostprocessing = 0;
		};
/* End PBXSourcesBuildPhase section */

/* Begin PBXTargetDependency section */
		118348081D7C57E100E34F39 /* PBXTargetDependency */ = {
			isa = PBXTargetDependency;
			target = 118347F11D7C57E000E34F39 /* SingleProjectMVP */;
			targetProxy = 118348071D7C57E100E34F39 /* PBXContainerItemProxy */;
		};
		118348131D7C57E100E34F39 /* PBXTargetDependency */ = {
			isa = PBXTargetDependency;
			target = 118347F11D7C57E000E34F39 /* SingleProjectMVP */;
			targetProxy = 118348121D7C57E100E34F39 /* PBXContainerItemProxy */;
		};
/* End PBXTargetDependency section */

/* Begin PBXVariantGroup section */
		118347F91D7C57E000E34F39 /* Main.storyboard */ = {
			isa = PBXVariantGroup;
			children = (
				118347FA1D7C57E000E34F39 /* Base */,
			);
			name = Main.storyboard;
			sourceTree = "<group>";
		};
		118347FE1D7C57E100E34F39 /* LaunchScreen.storyboard */ = {
			isa = PBXVariantGroup;
			children = (
				118347FF1D7C57E100E34F39 /* Base */,
			);
			name = LaunchScreen.storyboard;
			sourceTree = "<group>";
		};
/* End PBXVariantGroup section */

/* Begin XCBuildConfiguration section */
		118348181D7C57E100E34F39 /* Debug */ = {
			isa = XCBuildConfiguration;
			buildSettings = {
				ALWAYS_SEARCH_USER_PATHS = NO;
				CLANG_ANALYZER_NONNULL = YES;
				CLANG_CXX_LANGUAGE_STANDARD = "gnu++0x";
				CLANG_CXX_LIBRARY = "libc++";
				CLANG_ENABLE_MODULES = YES;
				CLANG_ENABLE_OBJC_ARC = YES;
				CLANG_WARN_BOOL_CONVERSION = YES;
				CLANG_WARN_CONSTANT_CONVERSION = YES;
				CLANG_WARN_DIRECT_OBJC_ISA_USAGE = YES_ERROR;
				CLANG_WARN_EMPTY_BODY = YES;
				CLANG_WARN_ENUM_CONVERSION = YES;
				CLANG_WARN_INT_CONVERSION = YES;
				CLANG_WARN_OBJC_ROOT_CLASS = YES_ERROR;
				CLANG_WARN_UNREACHABLE_CODE = YES;
				CLANG_WARN__DUPLICATE_METHOD_MATCH = YES;
				"CODE_SIGN_IDENTITY[sdk=iphoneos*]" = "iPhone Developer";
				COPY_PHASE_STRIP = NO;
				DEBUG_INFORMATION_FORMAT = dwarf;
				ENABLE_STRICT_OBJC_MSGSEND = YES;
				ENABLE_TESTABILITY = YES;
				GCC_C_LANGUAGE_STANDARD = gnu99;
				GCC_DYNAMIC_NO_PIC = NO;
				GCC_NO_COMMON_BLOCKS = YES;
				GCC_OPTIMIZATION_LEVEL = 0;
				GCC_PREPROCESSOR_DEFINITIONS = (
					"DEBUG=1",
					"$(inherited)",
				);
				GCC_WARN_64_TO_32_BIT_CONVERSION = YES;
				GCC_WARN_ABOUT_RETURN_TYPE = YES_ERROR;
				GCC_WARN_UNDECLARED_SELECTOR = YES;
				GCC_WARN_UNINITIALIZED_AUTOS = YES_AGGRESSIVE;
				GCC_WARN_UNUSED_FUNCTION = YES;
				GCC_WARN_UNUSED_VARIABLE = YES;
				IPHONEOS_DEPLOYMENT_TARGET = 9.3;
				MTL_ENABLE_DEBUG_INFO = YES;
				ONLY_ACTIVE_ARCH = YES;
				SDKROOT = iphoneos;
				SWIFT_OPTIMIZATION_LEVEL = "-Onone";
				TARGETED_DEVICE_FAMILY = "1,2";
			};
			name = Debug;
		};
		118348191D7C57E100E34F39 /* Release */ = {
			isa = XCBuildConfiguration;
			buildSettings = {
				ALWAYS_SEARCH_USER_PATHS = NO;
				CLANG_ANALYZER_NONNULL = YES;
				CLANG_CXX_LANGUAGE_STANDARD = "gnu++0x";
				CLANG_CXX_LIBRARY = "libc++";
				CLANG_ENABLE_MODULES = YES;
				CLANG_ENABLE_OBJC_ARC = YES;
				CLANG_WARN_BOOL_CONVERSION = YES;
				CLANG_WARN_CONSTANT_CONVERSION = YES;
				CLANG_WARN_DIRECT_OBJC_ISA_USAGE = YES_ERROR;
				CLANG_WARN_EMPTY_BODY = YES;
				CLANG_WARN_ENUM_CONVERSION = YES;
				CLANG_WARN_INT_CONVERSION = YES;
				CLANG_WARN_OBJC_ROOT_CLASS = YES_ERROR;
				CLANG_WARN_UNREACHABLE_CODE = YES;
				CLANG_WARN__DUPLICATE_METHOD_MATCH = YES;
				"CODE_SIGN_IDENTITY[sdk=iphoneos*]" = "iPhone Developer";
				COPY_PHASE_STRIP = NO;
				DEBUG_INFORMATION_FORMAT = "dwarf-with-dsym";
				ENABLE_NS_ASSERTIONS = NO;
				ENABLE_STRICT_OBJC_MSGSEND = YES;
				GCC_C_LANGUAGE_STANDARD = gnu99;
				GCC_NO_COMMON_BLOCKS = YES;
				GCC_WARN_64_TO_32_BIT_CONVERSION = YES;
				GCC_WARN_ABOUT_RETURN_TYPE = YES_ERROR;
				GCC_WARN_UNDECLARED_SELECTOR = YES;
				GCC_WARN_UNINITIALIZED_AUTOS = YES_AGGRESSIVE;
				GCC_WARN_UNUSED_FUNCTION = YES;
				GCC_WARN_UNUSED_VARIABLE = YES;
				IPHONEOS_DEPLOYMENT_TARGET = 9.3;
				MTL_ENABLE_DEBUG_INFO = NO;
				SDKROOT = iphoneos;
				TARGETED_DEVICE_FAMILY = "1,2";
				VALIDATE_PRODUCT = YES;
			};
			name = Release;
		};
		1183481B1D7C57E100E34F39 /* Debug */ = {
			isa = XCBuildConfiguration;
			buildSettings = {
				ASSETCATALOG_COMPILER_APPICON_NAME = AppIcon;
				CLANG_ENABLE_MODULES = YES;
				INFOPLIST_FILE = SingleProjectMVP/Info.plist;
				IPHONEOS_DEPLOYMENT_TARGET = 9.0;
				LD_RUNPATH_SEARCH_PATHS = "$(inherited) @executable_path/Frameworks";
				PRODUCT_BUNDLE_IDENTIFIER = com.mayank.SingleProjectMVP;
				PRODUCT_NAME = "$(TARGET_NAME)";
				SWIFT_OBJC_BRIDGING_HEADER = "SingleProjectMVP/SingleProjectMVP-Bridging-Header.h";
				SWIFT_OPTIMIZATION_LEVEL = "-Onone";
			};
			name = Debug;
		};
		1183481C1D7C57E100E34F39 /* Release */ = {
			isa = XCBuildConfiguration;
			buildSettings = {
				ASSETCATALOG_COMPILER_APPICON_NAME = AppIcon;
				CLANG_ENABLE_MODULES = YES;
				INFOPLIST_FILE = SingleProjectMVP/Info.plist;
				IPHONEOS_DEPLOYMENT_TARGET = 9.0;
				LD_RUNPATH_SEARCH_PATHS = "$(inherited) @executable_path/Frameworks";
				PRODUCT_BUNDLE_IDENTIFIER = com.mayank.SingleProjectMVP;
				PRODUCT_NAME = "$(TARGET_NAME)";
				SWIFT_OBJC_BRIDGING_HEADER = "SingleProjectMVP/SingleProjectMVP-Bridging-Header.h";
			};
			name = Release;
		};
		1183481E1D7C57E100E34F39 /* Debug */ = {
			isa = XCBuildConfiguration;
			buildSettings = {
				BUNDLE_LOADER = "$(TEST_HOST)";
				INFOPLIST_FILE = SingleProjectMVPTests/Info.plist;
				LD_RUNPATH_SEARCH_PATHS = "$(inherited) @executable_path/Frameworks @loader_path/Frameworks";
				PRODUCT_BUNDLE_IDENTIFIER = com.mayank.SingleProjectMVPTests;
				PRODUCT_NAME = "$(TARGET_NAME)";
				TEST_HOST = "$(BUILT_PRODUCTS_DIR)/SingleProjectMVP.app/SingleProjectMVP";
			};
			name = Debug;
		};
		1183481F1D7C57E100E34F39 /* Release */ = {
			isa = XCBuildConfiguration;
			buildSettings = {
				BUNDLE_LOADER = "$(TEST_HOST)";
				INFOPLIST_FILE = SingleProjectMVPTests/Info.plist;
				LD_RUNPATH_SEARCH_PATHS = "$(inherited) @executable_path/Frameworks @loader_path/Frameworks";
				PRODUCT_BUNDLE_IDENTIFIER = com.mayank.SingleProjectMVPTests;
				PRODUCT_NAME = "$(TARGET_NAME)";
				TEST_HOST = "$(BUILT_PRODUCTS_DIR)/SingleProjectMVP.app/SingleProjectMVP";
			};
			name = Release;
		};
		118348211D7C57E100E34F39 /* Debug */ = {
			isa = XCBuildConfiguration;
			buildSettings = {
				INFOPLIST_FILE = SingleProjectMVPUITests/Info.plist;
				LD_RUNPATH_SEARCH_PATHS = "$(inherited) @executable_path/Frameworks @loader_path/Frameworks";
				PRODUCT_BUNDLE_IDENTIFIER = com.mayank.SingleProjectMVPUITests;
				PRODUCT_NAME = "$(TARGET_NAME)";
				TEST_TARGET_NAME = SingleProjectMVP;
			};
			name = Debug;
		};
		118348221D7C57E100E34F39 /* Release */ = {
			isa = XCBuildConfiguration;
			buildSettings = {
				INFOPLIST_FILE = SingleProjectMVPUITests/Info.plist;
				LD_RUNPATH_SEARCH_PATHS = "$(inherited) @executable_path/Frameworks @loader_path/Frameworks";
				PRODUCT_BUNDLE_IDENTIFIER = com.mayank.SingleProjectMVPUITests;
				PRODUCT_NAME = "$(TARGET_NAME)";
				TEST_TARGET_NAME = SingleProjectMVP;
			};
			name = Release;
		};
/* End XCBuildConfiguration section */

/* Begin XCConfigurationList section */
		118347ED1D7C57E000E34F39 /* Build configuration list for PBXProject "SingleProjectMVP" */ = {
			isa = XCConfigurationList;
			buildConfigurations = (
				118348181D7C57E100E34F39 /* Debug */,
				118348191D7C57E100E34F39 /* Release */,
			);
			defaultConfigurationIsVisible = 0;
			defaultConfigurationName = Release;
		};
		1183481A1D7C57E100E34F39 /* Build configuration list for PBXNativeTarget "SingleProjectMVP" */ = {
			isa = XCConfigurationList;
			buildConfigurations = (
				1183481B1D7C57E100E34F39 /* Debug */,
				1183481C1D7C57E100E34F39 /* Release */,
			);
			defaultConfigurationIsVisible = 0;
		};
		1183481D1D7C57E100E34F39 /* Build configuration list for PBXNativeTarget "SingleProjectMVPTests" */ = {
			isa = XCConfigurationList;
			buildConfigurations = (
				1183481E1D7C57E100E34F39 /* Debug */,
				1183481F1D7C57E100E34F39 /* Release */,
			);
			defaultConfigurationIsVisible = 0;
		};
		118348201D7C57E100E34F39 /* Build configuration list for PBXNativeTarget "SingleProjectMVPUITests" */ = {
			isa = XCConfigurationList;
			buildConfigurations = (
				118348211D7C57E100E34F39 /* Debug */,
				118348221D7C57E100E34F39 /* Release */,
			);
			defaultConfigurationIsVisible = 0;
		};
/* End XCConfigurationList section */
	};
	rootObject = 118347EA1D7C57E000E34F39 /* Project object */;
}
